{
  "name": "jclwilson.github.io",
  "version": "1.0.0",
  "lockfileVersion": 1,
  "requires": true,
  "dependencies": {
    "reframe.js": {
      "version": "0.3.8",
      "resolved": "https://registry.npmjs.org/reframe.js/-/reframe.js-0.3.8.tgz",
      "integrity": "sha1-XI8RFffQrz9Oo1ux4MDG4AipDIo="
    },
    "sw-offline-google-analytics": {
      "version": "1.1.1",
      "resolved": "https://registry.npmjs.org/sw-offline-google-analytics/-/sw-offline-google-analytics-1.1.1.tgz",
      "integrity": "sha1-YADsTq0ieis3Mon2XZTFpd0luak="
    }
  }
}
